
Microsoft Visual Studio Solution File, Format Version 12.00
# Visual Studio 14
VisualStudioVersion = 14.0.25420.1
MinimumVisualStudioVersion = 10.0.40219.1
Project("{FAE04EC0-301F-11D3-BF4B-00C04F79EFBC}") = "MVC5Course", "MVC5Course\MVC5Course.csproj", "{D9678E3F-86BF-4DE7-8925-A7FC734FEE67}"
EndProject
Project("{2150E333-8FDC-42A3-9474-1A3956D46DE8}") = "Solution Items", "Solution Items", "{2D3A59B4-AF2A-4A74-BADE-43F303A24339}"
	ProjectSection(SolutionItems) = preProject
		1103_1練習建立 ProductCreationVM 並透過該 ViewModel 建立表單與寫回資料庫的程式邏輯\20171103_001.png = 1103_1練習建立 ProductCreationVM 並透過該 ViewModel 建立表單與寫回資料庫的程式邏輯\20171103_001.png
		1103_1練習建立 ProductCreationVM 並透過該 ViewModel 建立表單與寫回資料庫的程式邏輯\20171103_002.png = 1103_1練習建立 ProductCreationVM 並透過該 ViewModel 建立表單與寫回資料庫的程式邏輯\20171103_002.png
		1103_1練習建立 ProductCreationVM 並透過該 ViewModel 建立表單與寫回資料庫的程式邏輯\20171103_003.png = 1103_1練習建立 ProductCreationVM 並透過該 ViewModel 建立表單與寫回資料庫的程式邏輯\20171103_003.png
		1103_1練習建立 ProductCreationVM 並透過該 ViewModel 建立表單與寫回資料庫的程式邏輯\20171103_004.png = 1103_1練習建立 ProductCreationVM 並透過該 ViewModel 建立表單與寫回資料庫的程式邏輯\20171103_004.png
		1103_1練習建立 ProductCreationVM 並透過該 ViewModel 建立表單與寫回資料庫的程式邏輯\20171103_005.png = 1103_1練習建立 ProductCreationVM 並透過該 ViewModel 建立表單與寫回資料庫的程式邏輯\20171103_005.png
		1103_1練習建立 ProductCreationVM 並透過該 ViewModel 建立表單與寫回資料庫的程式邏輯\20171103_006.png = 1103_1練習建立 ProductCreationVM 並透過該 ViewModel 建立表單與寫回資料庫的程式邏輯\20171103_006.png
		1103_1練習建立 ProductCreationVM 並透過該 ViewModel 建立表單與寫回資料庫的程式邏輯\20171103_007.png = 1103_1練習建立 ProductCreationVM 並透過該 ViewModel 建立表單與寫回資料庫的程式邏輯\20171103_007.png
		1110_1\20171110_001.png = 1110_1\20171110_001.png
		1110_1\20171110_002.png = 1110_1\20171110_002.png
		1110_1\20171110_003.png = 1110_1\20171110_003.png
		note.txt = note.txt
	EndProjectSection
EndProject
Global
	GlobalSection(SolutionConfigurationPlatforms) = preSolution
		Debug|Any CPU = Debug|Any CPU
		Release|Any CPU = Release|Any CPU
	EndGlobalSection
	GlobalSection(ProjectConfigurationPlatforms) = postSolution
		{D9678E3F-86BF-4DE7-8925-A7FC734FEE67}.Debug|Any CPU.ActiveCfg = Debug|Any CPU
		{D9678E3F-86BF-4DE7-8925-A7FC734FEE67}.Debug|Any CPU.Build.0 = Debug|Any CPU
		{D9678E3F-86BF-4DE7-8925-A7FC734FEE67}.Release|Any CPU.ActiveCfg = Release|Any CPU
		{D9678E3F-86BF-4DE7-8925-A7FC734FEE67}.Release|Any CPU.Build.0 = Release|Any CPU
	EndGlobalSection
	GlobalSection(SolutionProperties) = preSolution
		HideSolutionNode = FALSE
	EndGlobalSection
EndGlobal
